
Microsoft Visual Studio Solution File, Format Version 12.00
# Visual Studio Version 17
VisualStudioVersion = 17.8.34330.188
MinimumVisualStudioVersion = 10.0.40219.1
Project("{FAE04EC0-301F-11D3-BF4B-00C04F79EFBC}") = "BasicArithmeticCalculator", "Funciones1\BasicArithmeticCalculator.csproj", "{6F446CA2-C9FF-4386-93DF-AEA379681F82}"
EndProject
Project("{FAE04EC0-301F-11D3-BF4B-00C04F79EFBC}") = "InventoryManage", "InventoryManage\InventoryManage.csproj", "{1391A0FA-216B-460D-9F9C-6D8FBEBB82F3}"
EndProject
Global
	GlobalSection(SolutionConfigurationPlatforms) = preSolution
		Debug|Any CPU = Debug|Any CPU
		Release|Any CPU = Release|Any CPU
	EndGlobalSection
	GlobalSection(ProjectConfigurationPlatforms) = postSolution
		{6F446CA2-C9FF-4386-93DF-AEA379681F82}.Debug|Any CPU.ActiveCfg = Debug|Any CPU
		{6F446CA2-C9FF-4386-93DF-AEA379681F82}.Debug|Any CPU.Build.0 = Debug|Any CPU
		{6F446CA2-C9FF-4386-93DF-AEA379681F82}.Release|Any CPU.ActiveCfg = Release|Any CPU
		{6F446CA2-C9FF-4386-93DF-AEA379681F82}.Release|Any CPU.Build.0 = Release|Any CPU
		{1391A0FA-216B-460D-9F9C-6D8FBEBB82F3}.Debug|Any CPU.ActiveCfg = Debug|Any CPU
		{1391A0FA-216B-460D-9F9C-6D8FBEBB82F3}.Debug|Any CPU.Build.0 = Debug|Any CPU
		{1391A0FA-216B-460D-9F9C-6D8FBEBB82F3}.Release|Any CPU.ActiveCfg = Release|Any CPU
		{1391A0FA-216B-460D-9F9C-6D8FBEBB82F3}.Release|Any CPU.Build.0 = Release|Any CPU
	EndGlobalSection
	GlobalSection(SolutionProperties) = preSolution
		HideSolutionNode = FALSE
	EndGlobalSection
	GlobalSection(ExtensibilityGlobals) = postSolution
		SolutionGuid = {DEABA7AF-DAFA-4887-B010-E14A622F23B6}
	EndGlobalSection
EndGlobal
