
Microsoft Visual Studio Solution File, Format Version 12.00
# Visual Studio Version 17
VisualStudioVersion = 17.8.34330.188
MinimumVisualStudioVersion = 10.0.40219.1
Project("{FAE04EC0-301F-11D3-BF4B-00C04F79EFBC}") = "Funciones", "Funciones\Funciones.csproj", "{49552E59-5797-4B76-9E64-C34311567F16}"
EndProject
Project("{FAE04EC0-301F-11D3-BF4B-00C04F79EFBC}") = "ValidarContraseñaV2", "ValidarContraseñaV2\ValidarContraseñaV2.csproj", "{C405C273-7DEF-44C1-8E72-6EF948C611A5}"
EndProject
Project("{FAE04EC0-301F-11D3-BF4B-00C04F79EFBC}") = "ValidarPassChatGPT", "ValidarPassChatGPT\ValidarPassChatGPT.csproj", "{A34E7EDE-167F-41F6-8D75-DD7021D18917}"
EndProject
Project("{FAE04EC0-301F-11D3-BF4B-00C04F79EFBC}") = "Venta", "Venta\Venta.csproj", "{0379051E-A618-44BB-9401-90BAEB89BBC7}"
EndProject
Global
	GlobalSection(SolutionConfigurationPlatforms) = preSolution
		Debug|Any CPU = Debug|Any CPU
		Release|Any CPU = Release|Any CPU
	EndGlobalSection
	GlobalSection(ProjectConfigurationPlatforms) = postSolution
		{49552E59-5797-4B76-9E64-C34311567F16}.Debug|Any CPU.ActiveCfg = Debug|Any CPU
		{49552E59-5797-4B76-9E64-C34311567F16}.Debug|Any CPU.Build.0 = Debug|Any CPU
		{49552E59-5797-4B76-9E64-C34311567F16}.Release|Any CPU.ActiveCfg = Release|Any CPU
		{49552E59-5797-4B76-9E64-C34311567F16}.Release|Any CPU.Build.0 = Release|Any CPU
		{C405C273-7DEF-44C1-8E72-6EF948C611A5}.Debug|Any CPU.ActiveCfg = Debug|Any CPU
		{C405C273-7DEF-44C1-8E72-6EF948C611A5}.Debug|Any CPU.Build.0 = Debug|Any CPU
		{C405C273-7DEF-44C1-8E72-6EF948C611A5}.Release|Any CPU.ActiveCfg = Release|Any CPU
		{C405C273-7DEF-44C1-8E72-6EF948C611A5}.Release|Any CPU.Build.0 = Release|Any CPU
		{A34E7EDE-167F-41F6-8D75-DD7021D18917}.Debug|Any CPU.ActiveCfg = Debug|Any CPU
		{A34E7EDE-167F-41F6-8D75-DD7021D18917}.Debug|Any CPU.Build.0 = Debug|Any CPU
		{A34E7EDE-167F-41F6-8D75-DD7021D18917}.Release|Any CPU.ActiveCfg = Release|Any CPU
		{A34E7EDE-167F-41F6-8D75-DD7021D18917}.Release|Any CPU.Build.0 = Release|Any CPU
		{0379051E-A618-44BB-9401-90BAEB89BBC7}.Debug|Any CPU.ActiveCfg = Debug|Any CPU
		{0379051E-A618-44BB-9401-90BAEB89BBC7}.Debug|Any CPU.Build.0 = Debug|Any CPU
		{0379051E-A618-44BB-9401-90BAEB89BBC7}.Release|Any CPU.ActiveCfg = Release|Any CPU
		{0379051E-A618-44BB-9401-90BAEB89BBC7}.Release|Any CPU.Build.0 = Release|Any CPU
	EndGlobalSection
	GlobalSection(SolutionProperties) = preSolution
		HideSolutionNode = FALSE
	EndGlobalSection
	GlobalSection(ExtensibilityGlobals) = postSolution
		SolutionGuid = {44854A42-0B5A-4BFA-B9FE-D04428E46B9C}
	EndGlobalSection
EndGlobal
