
Microsoft Visual Studio Solution File, Format Version 12.00
# Visual Studio Version 17
VisualStudioVersion = 17.8.34330.188
MinimumVisualStudioVersion = 10.0.40219.1
Project("{FAE04EC0-301F-11D3-BF4B-00C04F79EFBC}") = "TiposDeClases", "TiposDeClases\TiposDeClases.csproj", "{6B4FDB97-8DE5-4EA6-BF2B-AE384A22A699}"
EndProject
Project("{FAE04EC0-301F-11D3-BF4B-00C04F79EFBC}") = "Interfaces", "Interfaces\Interfaces.csproj", "{B1CC7A15-4230-4E8B-BAE1-112D21F042D6}"
EndProject
Global
	GlobalSection(SolutionConfigurationPlatforms) = preSolution
		Debug|Any CPU = Debug|Any CPU
		Release|Any CPU = Release|Any CPU
	EndGlobalSection
	GlobalSection(ProjectConfigurationPlatforms) = postSolution
		{6B4FDB97-8DE5-4EA6-BF2B-AE384A22A699}.Debug|Any CPU.ActiveCfg = Debug|Any CPU
		{6B4FDB97-8DE5-4EA6-BF2B-AE384A22A699}.Debug|Any CPU.Build.0 = Debug|Any CPU
		{6B4FDB97-8DE5-4EA6-BF2B-AE384A22A699}.Release|Any CPU.ActiveCfg = Release|Any CPU
		{6B4FDB97-8DE5-4EA6-BF2B-AE384A22A699}.Release|Any CPU.Build.0 = Release|Any CPU
		{B1CC7A15-4230-4E8B-BAE1-112D21F042D6}.Debug|Any CPU.ActiveCfg = Debug|Any CPU
		{B1CC7A15-4230-4E8B-BAE1-112D21F042D6}.Debug|Any CPU.Build.0 = Debug|Any CPU
		{B1CC7A15-4230-4E8B-BAE1-112D21F042D6}.Release|Any CPU.ActiveCfg = Release|Any CPU
		{B1CC7A15-4230-4E8B-BAE1-112D21F042D6}.Release|Any CPU.Build.0 = Release|Any CPU
	EndGlobalSection
	GlobalSection(SolutionProperties) = preSolution
		HideSolutionNode = FALSE
	EndGlobalSection
	GlobalSection(ExtensibilityGlobals) = postSolution
		SolutionGuid = {A651A21E-8124-4CF6-984C-0F74CFC05DA7}
	EndGlobalSection
EndGlobal
